
Microsoft Visual Studio Solution File, Format Version 12.00
# Visual Studio Version 17
VisualStudioVersion = 17.5.002.0
MinimumVisualStudioVersion = 10.0.40219.1
Project("{9A19103F-16F7-4668-BE54-9A1E7A4F7556}") = "APL2003", "APL2003.csproj", "{3D6A63C1-B836-4D0F-A21A-1B47043CC995}"
EndProject
Global
	GlobalSection(SolutionConfigurationPlatforms) = preSolution
		Debug|Any CPU = Debug|Any CPU
		Release|Any CPU = Release|Any CPU
	EndGlobalSection
	GlobalSection(ProjectConfigurationPlatforms) = postSolution
		{3D6A63C1-B836-4D0F-A21A-1B47043CC995}.Debug|Any CPU.ActiveCfg = Debug|Any CPU
		{3D6A63C1-B836-4D0F-A21A-1B47043CC995}.Debug|Any CPU.Build.0 = Debug|Any CPU
		{3D6A63C1-B836-4D0F-A21A-1B47043CC995}.Release|Any CPU.ActiveCfg = Release|Any CPU
		{3D6A63C1-B836-4D0F-A21A-1B47043CC995}.Release|Any CPU.Build.0 = Release|Any CPU
	EndGlobalSection
	GlobalSection(SolutionProperties) = preSolution
		HideSolutionNode = FALSE
	EndGlobalSection
	GlobalSection(ExtensibilityGlobals) = postSolution
		SolutionGuid = {1ABCF521-ACF3-455B-BFA3-343C35E062E4}
	EndGlobalSection
EndGlobal
